
Microsoft Visual Studio Solution File, Format Version 12.00
# Visual Studio Version 16
VisualStudioVersion = 16.0.30907.101
MinimumVisualStudioVersion = 10.0.40219.1
Project("{FAE04EC0-301F-11D3-BF4B-00C04F79EFBC}") = "IntroductionClevel6Chuchunov", "IntroductionClevel6Chuchunov\IntroductionClevel6Chuchunov.csproj", "{24C19646-DF9E-4BAE-A30F-DE7D332E3961}"
EndProject
Global
	GlobalSection(SolutionConfigurationPlatforms) = preSolution
		Debug|Any CPU = Debug|Any CPU
		Release|Any CPU = Release|Any CPU
	EndGlobalSection
	GlobalSection(ProjectConfigurationPlatforms) = postSolution
		{24C19646-DF9E-4BAE-A30F-DE7D332E3961}.Debug|Any CPU.ActiveCfg = Debug|Any CPU
		{24C19646-DF9E-4BAE-A30F-DE7D332E3961}.Debug|Any CPU.Build.0 = Debug|Any CPU
		{24C19646-DF9E-4BAE-A30F-DE7D332E3961}.Release|Any CPU.ActiveCfg = Release|Any CPU
		{24C19646-DF9E-4BAE-A30F-DE7D332E3961}.Release|Any CPU.Build.0 = Release|Any CPU
	EndGlobalSection
	GlobalSection(SolutionProperties) = preSolution
		HideSolutionNode = FALSE
	EndGlobalSection
	GlobalSection(ExtensibilityGlobals) = postSolution
		SolutionGuid = {7BD58CA8-7FDE-4921-88E5-4A19C805ED08}
	EndGlobalSection
EndGlobal
