
Microsoft Visual Studio Solution File, Format Version 12.00
# Visual Studio Version 16
VisualStudioVersion = 16.0.30907.101
MinimumVisualStudioVersion = 10.0.40219.1
Project("{FAE04EC0-301F-11D3-BF4B-00C04F79EFBC}") = "IntroductionClevel_1Chuchunov", "IntroductionClevel_1Chuchunov\IntroductionClevel_1Chuchunov.csproj", "{68C3E419-9212-402E-AE01-E5074B9A0D6E}"
EndProject
Global
	GlobalSection(SolutionConfigurationPlatforms) = preSolution
		Debug|Any CPU = Debug|Any CPU
		Release|Any CPU = Release|Any CPU
	EndGlobalSection
	GlobalSection(ProjectConfigurationPlatforms) = postSolution
		{68C3E419-9212-402E-AE01-E5074B9A0D6E}.Debug|Any CPU.ActiveCfg = Debug|Any CPU
		{68C3E419-9212-402E-AE01-E5074B9A0D6E}.Debug|Any CPU.Build.0 = Debug|Any CPU
		{68C3E419-9212-402E-AE01-E5074B9A0D6E}.Release|Any CPU.ActiveCfg = Release|Any CPU
		{68C3E419-9212-402E-AE01-E5074B9A0D6E}.Release|Any CPU.Build.0 = Release|Any CPU
	EndGlobalSection
	GlobalSection(SolutionProperties) = preSolution
		HideSolutionNode = FALSE
	EndGlobalSection
	GlobalSection(ExtensibilityGlobals) = postSolution
		SolutionGuid = {D0A018D4-B05D-411F-AA78-223B9351DB5F}
	EndGlobalSection
EndGlobal
